// !$*UTF8*$!
{
	archiveVersion = 1;
	classes = {
	};
	objectVersion = 50;
	objects = {

/* Begin PBXBuildFile section */
		621C843E253745F200DC7ECC /* APISyncInfoView.swift in Sources */ = {isa = PBXBuildFile; fileRef = 621C843D253745F200DC7ECC /* APISyncInfoView.swift */; };
		621C84462537492900DC7ECC /* APISyncInfoDataModel.swift in Sources */ = {isa = PBXBuildFile; fileRef = 621C84452537492900DC7ECC /* APISyncInfoDataModel.swift */; };
		6220DCB623A50ACA0093A237 /* money.pdf in Resources */ = {isa = PBXBuildFile; fileRef = 6220DCB523A50ACA0093A237 /* money.pdf */; };
		62222F5C251CF1C900F2EB2C /* EntityDetailRow.swift in Sources */ = {isa = PBXBuildFile; fileRef = 62222F5B251CF1C900F2EB2C /* EntityDetailRow.swift */; };
		62222F7B251D83F600F2EB2C /* CurrencyExchangeRate.xcdatamodeld in Sources */ = {isa = PBXBuildFile; fileRef = 6257132023719BDC00466679 /* CurrencyExchangeRate.xcdatamodeld */; };
		62514B28252C01A000E00D3F /* CurrencyConverter.swift in Sources */ = {isa = PBXBuildFile; fileRef = 6257131A23719B5300466679 /* CurrencyConverter.swift */; };
		625712E52371982E00466679 /* CurrencyConverterTests.swift in Sources */ = {isa = PBXBuildFile; fileRef = 625712E42371982E00466679 /* CurrencyConverterTests.swift */; };
		625712FC2371982E00466679 /* Cocoa.framework in Frameworks */ = {isa = PBXBuildFile; fileRef = 625712FB2371982E00466679 /* Cocoa.framework */; };
		625712FF2371982E00466679 /* SafariExtensionHandler.swift in Sources */ = {isa = PBXBuildFile; fileRef = 625712FE2371982E00466679 /* SafariExtensionHandler.swift */; };
		625713012371982E00466679 /* SafariExtensionViewController.swift in Sources */ = {isa = PBXBuildFile; fileRef = 625713002371982E00466679 /* SafariExtensionViewController.swift */; };
		625713042371982E00466679 /* SafariExtensionViewController.xib in Resources */ = {isa = PBXBuildFile; fileRef = 625713022371982E00466679 /* SafariExtensionViewController.xib */; };
		625713072371982E00466679 /* cc-extension.js in Resources */ = {isa = PBXBuildFile; fileRef = 625713062371982E00466679 /* cc-extension.js */; };
		6257131C23719B5300466679 /* CurrencyConverter.swift in Sources */ = {isa = PBXBuildFile; fileRef = 6257131A23719B5300466679 /* CurrencyConverter.swift */; };
		6257131D23719B5300466679 /* CurrencyConverter.swift in Sources */ = {isa = PBXBuildFile; fileRef = 6257131A23719B5300466679 /* CurrencyConverter.swift */; };
		6257132323719BDC00466679 /* SharedPersistent.swift in Sources */ = {isa = PBXBuildFile; fileRef = 6257131F23719BDB00466679 /* SharedPersistent.swift */; };
		6257132423719BDC00466679 /* SharedPersistent.swift in Sources */ = {isa = PBXBuildFile; fileRef = 6257131F23719BDB00466679 /* SharedPersistent.swift */; };
		6257132623719BDC00466679 /* CurrencyExchangeRate.xcdatamodeld in Sources */ = {isa = PBXBuildFile; fileRef = 6257132023719BDC00466679 /* CurrencyExchangeRate.xcdatamodeld */; };
		6257132723719BDC00466679 /* CurrencyExchangeRate.xcdatamodeld in Sources */ = {isa = PBXBuildFile; fileRef = 6257132023719BDC00466679 /* CurrencyExchangeRate.xcdatamodeld */; };
		6262F0412522087E0066ADFA /* CurrencyConverter Extension.appex in Embed App Extensions */ = {isa = PBXBuildFile; fileRef = 625712F62371982E00466679 /* CurrencyConverter Extension.appex */; settings = {ATTRIBUTES = (RemoveHeadersOnCopy, ); }; };
		6262F06925220FA90066ADFA /* SharedPersistent.swift in Sources */ = {isa = PBXBuildFile; fileRef = 6257131F23719BDB00466679 /* SharedPersistent.swift */; };
		6262F07F252226100066ADFA /* PreviewConvertHistory.swift in Sources */ = {isa = PBXBuildFile; fileRef = 6262F07E252226100066ADFA /* PreviewConvertHistory.swift */; };
		6262F08525222C300066ADFA /* ConvertHistoryUIBean.swift in Sources */ = {isa = PBXBuildFile; fileRef = 6262F08425222C300066ADFA /* ConvertHistoryUIBean.swift */; };
		6267904C253E4F700071A9A7 /* CreditCardProfile.swift in Sources */ = {isa = PBXBuildFile; fileRef = 6267904B253E4F700071A9A7 /* CreditCardProfile.swift */; };
		62679051253F0D330071A9A7 /* CreditCardManageView.swift in Sources */ = {isa = PBXBuildFile; fileRef = 62679050253F0D330071A9A7 /* CreditCardManageView.swift */; };
		62679056253F2F1F0071A9A7 /* CreditCardManagerViewModel.swift in Sources */ = {isa = PBXBuildFile; fileRef = 62679055253F2F1F0071A9A7 /* CreditCardManagerViewModel.swift */; };
		6285039B251B936F00E381AA /* AppDelegate.swift in Sources */ = {isa = PBXBuildFile; fileRef = 6285039A251B936F00E381AA /* AppDelegate.swift */; };
		6285039D251B936F00E381AA /* ContentView.swift in Sources */ = {isa = PBXBuildFile; fileRef = 6285039C251B936F00E381AA /* ContentView.swift */; };
		628503A0251B936F00E381AA /* CurrencyConverter.xcdatamodeld in Sources */ = {isa = PBXBuildFile; fileRef = 6285039E251B936F00E381AA /* CurrencyConverter.xcdatamodeld */; };
		628503A2251B937100E381AA /* Assets.xcassets in Resources */ = {isa = PBXBuildFile; fileRef = 628503A1251B937100E381AA /* Assets.xcassets */; };
		628503A5251B937100E381AA /* Preview Assets.xcassets in Resources */ = {isa = PBXBuildFile; fileRef = 628503A4251B937100E381AA /* Preview Assets.xcassets */; };
		628503A8251B937100E381AA /* Main.storyboard in Resources */ = {isa = PBXBuildFile; fileRef = 628503A6251B937100E381AA /* Main.storyboard */; };
		62985BB7238464640022ED28 /* ConvertPasteboardFormatterTest.swift in Sources */ = {isa = PBXBuildFile; fileRef = 62985BB6238464640022ED28 /* ConvertPasteboardFormatterTest.swift */; };
		62C49F25252AA14600ED2E72 /* CHDataManager.swift in Sources */ = {isa = PBXBuildFile; fileRef = 62C49F24252AA14600ED2E72 /* CHDataManager.swift */; };
		62C49F26252AA14600ED2E72 /* CHDataManager.swift in Sources */ = {isa = PBXBuildFile; fileRef = 62C49F24252AA14600ED2E72 /* CHDataManager.swift */; };
		62C49F27252AA14600ED2E72 /* CHDataManager.swift in Sources */ = {isa = PBXBuildFile; fileRef = 62C49F24252AA14600ED2E72 /* CHDataManager.swift */; };
		62C49F2D252AA15400ED2E72 /* FormatStringDataManager.swift in Sources */ = {isa = PBXBuildFile; fileRef = 62C49F2C252AA15400ED2E72 /* FormatStringDataManager.swift */; };
		62C49F2E252AA15400ED2E72 /* FormatStringDataManager.swift in Sources */ = {isa = PBXBuildFile; fileRef = 62C49F2C252AA15400ED2E72 /* FormatStringDataManager.swift */; };
		62C49F2F252AA15400ED2E72 /* FormatStringDataManager.swift in Sources */ = {isa = PBXBuildFile; fileRef = 62C49F2C252AA15400ED2E72 /* FormatStringDataManager.swift */; };
		62EEF289237FC14B0067299E /* ConvertPasteboardFormatter.swift in Sources */ = {isa = PBXBuildFile; fileRef = 62EEF288237FC14B0067299E /* ConvertPasteboardFormatter.swift */; };
/* End PBXBuildFile section */

/* Begin PBXContainerItemProxy section */
		6262F030252207310066ADFA /* PBXContainerItemProxy */ = {
			isa = PBXContainerItemProxy;
			containerPortal = 625712C52371982500466679 /* Project object */;
			proxyType = 1;
			remoteGlobalIDString = 625712F52371982E00466679;
			remoteInfo = "CurrencyConverter Extension";
		};
		6262F05325220B2D0066ADFA /* PBXContainerItemProxy */ = {
			isa = PBXContainerItemProxy;
			containerPortal = 625712C52371982500466679 /* Project object */;
			proxyType = 1;
			remoteGlobalIDString = 62850397251B936F00E381AA;
			remoteInfo = CurrencyConverter;
		};
/* End PBXContainerItemProxy section */

/* Begin PBXCopyFilesBuildPhase section */
		6262F0442522087F0066ADFA /* Embed App Extensions */ = {
			isa = PBXCopyFilesBuildPhase;
			buildActionMask = 2147483647;
			dstPath = "";
			dstSubfolderSpec = 13;
			files = (
				6262F0412522087E0066ADFA /* CurrencyConverter Extension.appex in Embed App Extensions */,
			);
			name = "Embed App Extensions";
			runOnlyForDeploymentPostprocessing = 0;
		};
/* End PBXCopyFilesBuildPhase section */

/* Begin PBXFileReference section */
		621C843D253745F200DC7ECC /* APISyncInfoView.swift */ = {isa = PBXFileReference; lastKnownFileType = sourcecode.swift; path = APISyncInfoView.swift; sourceTree = "<group>"; };
		621C84452537492900DC7ECC /* APISyncInfoDataModel.swift */ = {isa = PBXFileReference; lastKnownFileType = sourcecode.swift; path = APISyncInfoDataModel.swift; sourceTree = "<group>"; };
		6220DCB523A50ACA0093A237 /* money.pdf */ = {isa = PBXFileReference; lastKnownFileType = image.pdf; path = money.pdf; sourceTree = "<group>"; };
		62222F5B251CF1C900F2EB2C /* EntityDetailRow.swift */ = {isa = PBXFileReference; lastKnownFileType = sourcecode.swift; path = EntityDetailRow.swift; sourceTree = "<group>"; };
		625712E02371982E00466679 /* CurrencyConverterTests.xctest */ = {isa = PBXFileReference; explicitFileType = wrapper.cfbundle; includeInIndex = 0; path = CurrencyConverterTests.xctest; sourceTree = BUILT_PRODUCTS_DIR; };
		625712E42371982E00466679 /* CurrencyConverterTests.swift */ = {isa = PBXFileReference; lastKnownFileType = sourcecode.swift; path = CurrencyConverterTests.swift; sourceTree = "<group>"; };
		625712E62371982E00466679 /* Info.plist */ = {isa = PBXFileReference; lastKnownFileType = text.plist.xml; path = Info.plist; sourceTree = "<group>"; };
		625712F62371982E00466679 /* CurrencyConverter Extension.appex */ = {isa = PBXFileReference; explicitFileType = "wrapper.app-extension"; includeInIndex = 0; path = "CurrencyConverter Extension.appex"; sourceTree = BUILT_PRODUCTS_DIR; };
		625712FB2371982E00466679 /* Cocoa.framework */ = {isa = PBXFileReference; lastKnownFileType = wrapper.framework; name = Cocoa.framework; path = System/Library/Frameworks/Cocoa.framework; sourceTree = SDKROOT; };
		625712FE2371982E00466679 /* SafariExtensionHandler.swift */ = {isa = PBXFileReference; lastKnownFileType = sourcecode.swift; path = SafariExtensionHandler.swift; sourceTree = "<group>"; };
		625713002371982E00466679 /* SafariExtensionViewController.swift */ = {isa = PBXFileReference; lastKnownFileType = sourcecode.swift; path = SafariExtensionViewController.swift; sourceTree = "<group>"; };
		625713032371982E00466679 /* Base */ = {isa = PBXFileReference; lastKnownFileType = file.xib; name = Base; path = Base.lproj/SafariExtensionViewController.xib; sourceTree = "<group>"; };
		625713052371982E00466679 /* Info.plist */ = {isa = PBXFileReference; lastKnownFileType = text.plist.xml; path = Info.plist; sourceTree = "<group>"; };
		625713062371982E00466679 /* cc-extension.js */ = {isa = PBXFileReference; lastKnownFileType = sourcecode.javascript; path = "cc-extension.js"; sourceTree = "<group>"; };
		6257130A2371982E00466679 /* CurrencyConverter_Extension.entitlements */ = {isa = PBXFileReference; lastKnownFileType = text.plist.entitlements; path = CurrencyConverter_Extension.entitlements; sourceTree = "<group>"; };
		6257131A23719B5300466679 /* CurrencyConverter.swift */ = {isa = PBXFileReference; fileEncoding = 4; lastKnownFileType = sourcecode.swift; path = CurrencyConverter.swift; sourceTree = "<group>"; };
		6257131F23719BDB00466679 /* SharedPersistent.swift */ = {isa = PBXFileReference; fileEncoding = 4; lastKnownFileType = sourcecode.swift; path = SharedPersistent.swift; sourceTree = "<group>"; };
		6257132123719BDC00466679 /* CurrencyExchangeRate.xcdatamodel */ = {isa = PBXFileReference; lastKnownFileType = wrapper.xcdatamodel; path = CurrencyExchangeRate.xcdatamodel; sourceTree = "<group>"; };
		6262F03A252207FA0066ADFA /* SafariServices.framework */ = {isa = PBXFileReference; lastKnownFileType = wrapper.framework; name = SafariServices.framework; path = System/Library/Frameworks/SafariServices.framework; sourceTree = SDKROOT; };
		6262F07E252226100066ADFA /* PreviewConvertHistory.swift */ = {isa = PBXFileReference; lastKnownFileType = sourcecode.swift; path = PreviewConvertHistory.swift; sourceTree = "<group>"; };
		6262F08425222C300066ADFA /* ConvertHistoryUIBean.swift */ = {isa = PBXFileReference; lastKnownFileType = sourcecode.swift; path = ConvertHistoryUIBean.swift; sourceTree = "<group>"; };
		6267904B253E4F700071A9A7 /* CreditCardProfile.swift */ = {isa = PBXFileReference; lastKnownFileType = sourcecode.swift; path = CreditCardProfile.swift; sourceTree = "<group>"; };
		62679050253F0D330071A9A7 /* CreditCardManageView.swift */ = {isa = PBXFileReference; lastKnownFileType = sourcecode.swift; path = CreditCardManageView.swift; sourceTree = "<group>"; };
		62679055253F2F1F0071A9A7 /* CreditCardManagerViewModel.swift */ = {isa = PBXFileReference; lastKnownFileType = sourcecode.swift; path = CreditCardManagerViewModel.swift; sourceTree = "<group>"; };
		62850398251B936F00E381AA /* CurrencyConverter.app */ = {isa = PBXFileReference; explicitFileType = wrapper.application; includeInIndex = 0; path = CurrencyConverter.app; sourceTree = BUILT_PRODUCTS_DIR; };
		6285039A251B936F00E381AA /* AppDelegate.swift */ = {isa = PBXFileReference; lastKnownFileType = sourcecode.swift; path = AppDelegate.swift; sourceTree = "<group>"; };
		6285039C251B936F00E381AA /* ContentView.swift */ = {isa = PBXFileReference; lastKnownFileType = sourcecode.swift; path = ContentView.swift; sourceTree = "<group>"; };
		6285039F251B936F00E381AA /* CurrencyConverter.xcdatamodel */ = {isa = PBXFileReference; lastKnownFileType = wrapper.xcdatamodel; path = CurrencyConverter.xcdatamodel; sourceTree = "<group>"; };
		628503A1251B937100E381AA /* Assets.xcassets */ = {isa = PBXFileReference; lastKnownFileType = folder.assetcatalog; path = Assets.xcassets; sourceTree = "<group>"; };
		628503A4251B937100E381AA /* Preview Assets.xcassets */ = {isa = PBXFileReference; lastKnownFileType = folder.assetcatalog; path = "Preview Assets.xcassets"; sourceTree = "<group>"; };
		628503A7251B937100E381AA /* Base */ = {isa = PBXFileReference; lastKnownFileType = file.storyboard; name = Base; path = Base.lproj/Main.storyboard; sourceTree = "<group>"; };
		628503A9251B937100E381AA /* Info.plist */ = {isa = PBXFileReference; lastKnownFileType = text.plist.xml; path = Info.plist; sourceTree = "<group>"; };
		628503AA251B937100E381AA /* CurrencyConverter.entitlements */ = {isa = PBXFileReference; lastKnownFileType = text.plist.entitlements; path = CurrencyConverter.entitlements; sourceTree = "<group>"; };
		62985BB6238464640022ED28 /* ConvertPasteboardFormatterTest.swift */ = {isa = PBXFileReference; lastKnownFileType = sourcecode.swift; path = ConvertPasteboardFormatterTest.swift; sourceTree = "<group>"; };
		62C49F24252AA14600ED2E72 /* CHDataManager.swift */ = {isa = PBXFileReference; lastKnownFileType = sourcecode.swift; path = CHDataManager.swift; sourceTree = "<group>"; };
		62C49F2C252AA15400ED2E72 /* FormatStringDataManager.swift */ = {isa = PBXFileReference; lastKnownFileType = sourcecode.swift; path = FormatStringDataManager.swift; sourceTree = "<group>"; };
		62EEF288237FC14B0067299E /* ConvertPasteboardFormatter.swift */ = {isa = PBXFileReference; lastKnownFileType = sourcecode.swift; path = ConvertPasteboardFormatter.swift; sourceTree = "<group>"; };
/* End PBXFileReference section */

/* Begin PBXFrameworksBuildPhase section */
		625712DD2371982E00466679 /* Frameworks */ = {
			isa = PBXFrameworksBuildPhase;
			buildActionMask = 2147483647;
			files = (
			);
			runOnlyForDeploymentPostprocessing = 0;
		};
		625712F32371982E00466679 /* Frameworks */ = {
			isa = PBXFrameworksBuildPhase;
			buildActionMask = 2147483647;
			files = (
				625712FC2371982E00466679 /* Cocoa.framework in Frameworks */,
			);
			runOnlyForDeploymentPostprocessing = 0;
		};
		62850395251B936F00E381AA /* Frameworks */ = {
			isa = PBXFrameworksBuildPhase;
			buildActionMask = 2147483647;
			files = (
			);
			runOnlyForDeploymentPostprocessing = 0;
		};
/* End PBXFrameworksBuildPhase section */

/* Begin PBXGroup section */
		625712C42371982500466679 = {
			isa = PBXGroup;
			children = (
				6257131E23719B9800466679 /* Shared */,
				625712E32371982E00466679 /* CurrencyConverterTests */,
				625712FD2371982E00466679 /* CurrencyConverter Extension */,
				62850399251B936F00E381AA /* CurrencyConverter */,
				625712FA2371982E00466679 /* Frameworks */,
				625712CE2371982500466679 /* Products */,
			);
			sourceTree = "<group>";
		};
		625712CE2371982500466679 /* Products */ = {
			isa = PBXGroup;
			children = (
				625712E02371982E00466679 /* CurrencyConverterTests.xctest */,
				625712F62371982E00466679 /* CurrencyConverter Extension.appex */,
				62850398251B936F00E381AA /* CurrencyConverter.app */,
			);
			name = Products;
			sourceTree = "<group>";
		};
		625712E32371982E00466679 /* CurrencyConverterTests */ = {
			isa = PBXGroup;
			children = (
				625712E42371982E00466679 /* CurrencyConverterTests.swift */,
				625712E62371982E00466679 /* Info.plist */,
				62985BB6238464640022ED28 /* ConvertPasteboardFormatterTest.swift */,
			);
			path = CurrencyConverterTests;
			sourceTree = "<group>";
		};
		625712FA2371982E00466679 /* Frameworks */ = {
			isa = PBXGroup;
			children = (
				6262F03A252207FA0066ADFA /* SafariServices.framework */,
				625712FB2371982E00466679 /* Cocoa.framework */,
			);
			name = Frameworks;
			sourceTree = "<group>";
		};
		625712FD2371982E00466679 /* CurrencyConverter Extension */ = {
			isa = PBXGroup;
			children = (
				62EEF288237FC14B0067299E /* ConvertPasteboardFormatter.swift */,
				625712FE2371982E00466679 /* SafariExtensionHandler.swift */,
				625713002371982E00466679 /* SafariExtensionViewController.swift */,
				625713022371982E00466679 /* SafariExtensionViewController.xib */,
				6220DCB523A50ACA0093A237 /* money.pdf */,
				625713052371982E00466679 /* Info.plist */,
				625713062371982E00466679 /* cc-extension.js */,
				6257130A2371982E00466679 /* CurrencyConverter_Extension.entitlements */,
			);
			path = "CurrencyConverter Extension";
			sourceTree = "<group>";
		};
		6257131E23719B9800466679 /* Shared */ = {
			isa = PBXGroup;
			children = (
				6257132023719BDC00466679 /* CurrencyExchangeRate.xcdatamodeld */,
				6257131F23719BDB00466679 /* SharedPersistent.swift */,
				6257131A23719B5300466679 /* CurrencyConverter.swift */,
				62C49F24252AA14600ED2E72 /* CHDataManager.swift */,
				62C49F2C252AA15400ED2E72 /* FormatStringDataManager.swift */,
			);
			path = Shared;
			sourceTree = "<group>";
		};
		62850399251B936F00E381AA /* CurrencyConverter */ = {
			isa = PBXGroup;
			children = (
				6285039A251B936F00E381AA /* AppDelegate.swift */,
				6285039C251B936F00E381AA /* ContentView.swift */,
				628503A1251B937100E381AA /* Assets.xcassets */,
				628503A6251B937100E381AA /* Main.storyboard */,
				628503A9251B937100E381AA /* Info.plist */,
				628503AA251B937100E381AA /* CurrencyConverter.entitlements */,
				6285039E251B936F00E381AA /* CurrencyConverter.xcdatamodeld */,
				628503A3251B937100E381AA /* Preview Content */,
				62222F5B251CF1C900F2EB2C /* EntityDetailRow.swift */,
				6262F08425222C300066ADFA /* ConvertHistoryUIBean.swift */,
				621C843D253745F200DC7ECC /* APISyncInfoView.swift */,
				621C84452537492900DC7ECC /* APISyncInfoDataModel.swift */,
				6267904B253E4F700071A9A7 /* CreditCardProfile.swift */,
				62679050253F0D330071A9A7 /* CreditCardManageView.swift */,
				62679055253F2F1F0071A9A7 /* CreditCardManagerViewModel.swift */,
			);
			path = CurrencyConverter;
			sourceTree = "<group>";
		};
		628503A3251B937100E381AA /* Preview Content */ = {
			isa = PBXGroup;
			children = (
				628503A4251B937100E381AA /* Preview Assets.xcassets */,
				6262F07E252226100066ADFA /* PreviewConvertHistory.swift */,
			);
			path = "Preview Content";
			sourceTree = "<group>";
		};
/* End PBXGroup section */

/* Begin PBXNativeTarget section */
		625712DF2371982E00466679 /* CurrencyConverterTests */ = {
			isa = PBXNativeTarget;
			buildConfigurationList = 625713142371982E00466679 /* Build configuration list for PBXNativeTarget "CurrencyConverterTests" */;
			buildPhases = (
				625712DC2371982E00466679 /* Sources */,
				625712DD2371982E00466679 /* Frameworks */,
				625712DE2371982E00466679 /* Resources */,
			);
			buildRules = (
			);
			dependencies = (
				6262F05425220B2D0066ADFA /* PBXTargetDependency */,
			);
			name = CurrencyConverterTests;
			productName = CurrencyConverterTests;
			productReference = 625712E02371982E00466679 /* CurrencyConverterTests.xctest */;
			productType = "com.apple.product-type.bundle.unit-test";
		};
		625712F52371982E00466679 /* CurrencyConverter Extension */ = {
			isa = PBXNativeTarget;
			buildConfigurationList = 6257130D2371982E00466679 /* Build configuration list for PBXNativeTarget "CurrencyConverter Extension" */;
			buildPhases = (
				625712F22371982E00466679 /* Sources */,
				625712F32371982E00466679 /* Frameworks */,
				625712F42371982E00466679 /* Resources */,
			);
			buildRules = (
			);
			dependencies = (
			);
			name = "CurrencyConverter Extension";
			productName = "CurrencyConverter Extension";
			productReference = 625712F62371982E00466679 /* CurrencyConverter Extension.appex */;
			productType = "com.apple.product-type.app-extension";
		};
		62850397251B936F00E381AA /* CurrencyConverter */ = {
			isa = PBXNativeTarget;
			buildConfigurationList = 628503AB251B937100E381AA /* Build configuration list for PBXNativeTarget "CurrencyConverter" */;
			buildPhases = (
				62850394251B936F00E381AA /* Sources */,
				62850395251B936F00E381AA /* Frameworks */,
				62850396251B936F00E381AA /* Resources */,
				6262F0442522087F0066ADFA /* Embed App Extensions */,
			);
			buildRules = (
			);
			dependencies = (
				6262F031252207310066ADFA /* PBXTargetDependency */,
			);
			name = CurrencyConverter;
			productName = CurrencyConverter;
			productReference = 62850398251B936F00E381AA /* CurrencyConverter.app */;
			productType = "com.apple.product-type.application";
		};
/* End PBXNativeTarget section */

/* Begin PBXProject section */
		625712C52371982500466679 /* Project object */ = {
			isa = PBXProject;
			attributes = {
				LastSwiftUpdateCheck = 1200;
				LastUpgradeCheck = 1200;
				ORGANIZATIONNAME = Rayer;
				TargetAttributes = {
					625712DF2371982E00466679 = {
						CreatedOnToolsVersion = 11.2;
						TestTargetID = 62850397251B936F00E381AA;
					};
					625712F52371982E00466679 = {
						CreatedOnToolsVersion = 11.2;
					};
					62850397251B936F00E381AA = {
						CreatedOnToolsVersion = 12.0;
					};
				};
			};
			buildConfigurationList = 625712C82371982500466679 /* Build configuration list for PBXProject "CurrencyConverter" */;
			compatibilityVersion = "Xcode 9.3";
			developmentRegion = en;
			hasScannedForEncodings = 0;
			knownRegions = (
				en,
				Base,
			);
			mainGroup = 625712C42371982500466679;
			productRefGroup = 625712CE2371982500466679 /* Products */;
			projectDirPath = "";
			projectRoot = "";
			targets = (
				625712DF2371982E00466679 /* CurrencyConverterTests */,
				625712F52371982E00466679 /* CurrencyConverter Extension */,
				62850397251B936F00E381AA /* CurrencyConverter */,
			);
		};
/* End PBXProject section */

/* Begin PBXResourcesBuildPhase section */
		625712DE2371982E00466679 /* Resources */ = {
			isa = PBXResourcesBuildPhase;
			buildActionMask = 2147483647;
			files = (
			);
			runOnlyForDeploymentPostprocessing = 0;
		};
		625712F42371982E00466679 /* Resources */ = {
			isa = PBXResourcesBuildPhase;
			buildActionMask = 2147483647;
			files = (
				625713042371982E00466679 /* SafariExtensionViewController.xib in Resources */,
				625713072371982E00466679 /* cc-extension.js in Resources */,
				6220DCB623A50ACA0093A237 /* money.pdf in Resources */,
			);
			runOnlyForDeploymentPostprocessing = 0;
		};
		62850396251B936F00E381AA /* Resources */ = {
			isa = PBXResourcesBuildPhase;
			buildActionMask = 2147483647;
			files = (
				628503A8251B937100E381AA /* Main.storyboard in Resources */,
				628503A5251B937100E381AA /* Preview Assets.xcassets in Resources */,
				628503A2251B937100E381AA /* Assets.xcassets in Resources */,
			);
			runOnlyForDeploymentPostprocessing = 0;
		};
/* End PBXResourcesBuildPhase section */

/* Begin PBXSourcesBuildPhase section */
		625712DC2371982E00466679 /* Sources */ = {
			isa = PBXSourcesBuildPhase;
			buildActionMask = 2147483647;
			files = (
				62C49F25252AA14600ED2E72 /* CHDataManager.swift in Sources */,
				6257132323719BDC00466679 /* SharedPersistent.swift in Sources */,
				6257132623719BDC00466679 /* CurrencyExchangeRate.xcdatamodeld in Sources */,
				62985BB7238464640022ED28 /* ConvertPasteboardFormatterTest.swift in Sources */,
				62C49F2D252AA15400ED2E72 /* FormatStringDataManager.swift in Sources */,
				625712E52371982E00466679 /* CurrencyConverterTests.swift in Sources */,
				6257131C23719B5300466679 /* CurrencyConverter.swift in Sources */,
			);
			runOnlyForDeploymentPostprocessing = 0;
		};
		625712F22371982E00466679 /* Sources */ = {
			isa = PBXSourcesBuildPhase;
			buildActionMask = 2147483647;
			files = (
				62EEF289237FC14B0067299E /* ConvertPasteboardFormatter.swift in Sources */,
				62C49F26252AA14600ED2E72 /* CHDataManager.swift in Sources */,
				6257132423719BDC00466679 /* SharedPersistent.swift in Sources */,
				6257131D23719B5300466679 /* CurrencyConverter.swift in Sources */,
				625713012371982E00466679 /* SafariExtensionViewController.swift in Sources */,
				62C49F2E252AA15400ED2E72 /* FormatStringDataManager.swift in Sources */,
				6257132723719BDC00466679 /* CurrencyExchangeRate.xcdatamodeld in Sources */,
				625712FF2371982E00466679 /* SafariExtensionHandler.swift in Sources */,
			);
			runOnlyForDeploymentPostprocessing = 0;
		};
		62850394251B936F00E381AA /* Sources */ = {
			isa = PBXSourcesBuildPhase;
			buildActionMask = 2147483647;
			files = (
				6262F06925220FA90066ADFA /* SharedPersistent.swift in Sources */,
				6262F07F252226100066ADFA /* PreviewConvertHistory.swift in Sources */,
				621C84462537492900DC7ECC /* APISyncInfoDataModel.swift in Sources */,
				62C49F27252AA14600ED2E72 /* CHDataManager.swift in Sources */,
				621C843E253745F200DC7ECC /* APISyncInfoView.swift in Sources */,
				62222F5C251CF1C900F2EB2C /* EntityDetailRow.swift in Sources */,
				62222F7B251D83F600F2EB2C /* CurrencyExchangeRate.xcdatamodeld in Sources */,
				6285039D251B936F00E381AA /* ContentView.swift in Sources */,
				6267904C253E4F700071A9A7 /* CreditCardProfile.swift in Sources */,
				6262F08525222C300066ADFA /* ConvertHistoryUIBean.swift in Sources */,
				62514B28252C01A000E00D3F /* CurrencyConverter.swift in Sources */,
				62679051253F0D330071A9A7 /* CreditCardManageView.swift in Sources */,
				62C49F2F252AA15400ED2E72 /* FormatStringDataManager.swift in Sources */,
				6285039B251B936F00E381AA /* AppDelegate.swift in Sources */,
				62679056253F2F1F0071A9A7 /* CreditCardManagerViewModel.swift in Sources */,
				628503A0251B936F00E381AA /* CurrencyConverter.xcdatamodeld in Sources */,
			);
			runOnlyForDeploymentPostprocessing = 0;
		};
/* End PBXSourcesBuildPhase section */

/* Begin PBXTargetDependency section */
		6262F031252207310066ADFA /* PBXTargetDependency */ = {
			isa = PBXTargetDependency;
			target = 625712F52371982E00466679 /* CurrencyConverter Extension */;
			targetProxy = 6262F030252207310066ADFA /* PBXContainerItemProxy */;
		};
		6262F05425220B2D0066ADFA /* PBXTargetDependency */ = {
			isa = PBXTargetDependency;
			target = 62850397251B936F00E381AA /* CurrencyConverter */;
			targetProxy = 6262F05325220B2D0066ADFA /* PBXContainerItemProxy */;
		};
/* End PBXTargetDependency section */

/* Begin PBXVariantGroup section */
		625713022371982E00466679 /* SafariExtensionViewController.xib */ = {
			isa = PBXVariantGroup;
			children = (
				625713032371982E00466679 /* Base */,
			);
			name = SafariExtensionViewController.xib;
			sourceTree = "<group>";
		};
		628503A6251B937100E381AA /* Main.storyboard */ = {
			isa = PBXVariantGroup;
			children = (
				628503A7251B937100E381AA /* Base */,
			);
			name = Main.storyboard;
			sourceTree = "<group>";
		};
/* End PBXVariantGroup section */

/* Begin XCBuildConfiguration section */
		6257130B2371982E00466679 /* Debug */ = {
			isa = XCBuildConfiguration;
			buildSettings = {
				ALWAYS_SEARCH_USER_PATHS = NO;
				CLANG_ANALYZER_NONNULL = YES;
				CLANG_ANALYZER_NUMBER_OBJECT_CONVERSION = YES_AGGRESSIVE;
				CLANG_CXX_LANGUAGE_STANDARD = "gnu++14";
				CLANG_CXX_LIBRARY = "libc++";
				CLANG_ENABLE_MODULES = YES;
				CLANG_ENABLE_OBJC_ARC = YES;
				CLANG_ENABLE_OBJC_WEAK = YES;
				CLANG_WARN_BLOCK_CAPTURE_AUTORELEASING = YES;
				CLANG_WARN_BOOL_CONVERSION = YES;
				CLANG_WARN_COMMA = YES;
				CLANG_WARN_CONSTANT_CONVERSION = YES;
				CLANG_WARN_DEPRECATED_OBJC_IMPLEMENTATIONS = YES;
				CLANG_WARN_DIRECT_OBJC_ISA_USAGE = YES_ERROR;
				CLANG_WARN_DOCUMENTATION_COMMENTS = YES;
				CLANG_WARN_EMPTY_BODY = YES;
				CLANG_WARN_ENUM_CONVERSION = YES;
				CLANG_WARN_INFINITE_RECURSION = YES;
				CLANG_WARN_INT_CONVERSION = YES;
				CLANG_WARN_NON_LITERAL_NULL_CONVERSION = YES;
				CLANG_WARN_OBJC_IMPLICIT_RETAIN_SELF = YES;
				CLANG_WARN_OBJC_LITERAL_CONVERSION = YES;
				CLANG_WARN_OBJC_ROOT_CLASS = YES_ERROR;
				CLANG_WARN_QUOTED_INCLUDE_IN_FRAMEWORK_HEADER = YES;
				CLANG_WARN_RANGE_LOOP_ANALYSIS = YES;
				CLANG_WARN_STRICT_PROTOTYPES = YES;
				CLANG_WARN_SUSPICIOUS_MOVE = YES;
				CLANG_WARN_UNGUARDED_AVAILABILITY = YES_AGGRESSIVE;
				CLANG_WARN_UNREACHABLE_CODE = YES;
				CLANG_WARN__DUPLICATE_METHOD_MATCH = YES;
				COPY_PHASE_STRIP = NO;
				DEBUG_INFORMATION_FORMAT = dwarf;
				ENABLE_STRICT_OBJC_MSGSEND = YES;
				ENABLE_TESTABILITY = YES;
				GCC_C_LANGUAGE_STANDARD = gnu11;
				GCC_DYNAMIC_NO_PIC = NO;
				GCC_NO_COMMON_BLOCKS = YES;
				GCC_OPTIMIZATION_LEVEL = 0;
				GCC_PREPROCESSOR_DEFINITIONS = (
					"DEBUG=1",
					"$(inherited)",
				);
				GCC_WARN_64_TO_32_BIT_CONVERSION = YES;
				GCC_WARN_ABOUT_RETURN_TYPE = YES_ERROR;
				GCC_WARN_UNDECLARED_SELECTOR = YES;
				GCC_WARN_UNINITIALIZED_AUTOS = YES_AGGRESSIVE;
				GCC_WARN_UNUSED_FUNCTION = YES;
				GCC_WARN_UNUSED_VARIABLE = YES;
				MACOSX_DEPLOYMENT_TARGET = 10.14;
				MTL_ENABLE_DEBUG_INFO = INCLUDE_SOURCE;
				MTL_FAST_MATH = YES;
				ONLY_ACTIVE_ARCH = YES;
				SDKROOT = macosx;
				SWIFT_ACTIVE_COMPILATION_CONDITIONS = DEBUG;
				SWIFT_OPTIMIZATION_LEVEL = "-Onone";
			};
			name = Debug;
		};
		6257130C2371982E00466679 /* Release */ = {
			isa = XCBuildConfiguration;
			buildSettings = {
				ALWAYS_SEARCH_USER_PATHS = NO;
				CLANG_ANALYZER_NONNULL = YES;
				CLANG_ANALYZER_NUMBER_OBJECT_CONVERSION = YES_AGGRESSIVE;
				CLANG_CXX_LANGUAGE_STANDARD = "gnu++14";
				CLANG_CXX_LIBRARY = "libc++";
				CLANG_ENABLE_MODULES = YES;
				CLANG_ENABLE_OBJC_ARC = YES;
				CLANG_ENABLE_OBJC_WEAK = YES;
				CLANG_WARN_BLOCK_CAPTURE_AUTORELEASING = YES;
				CLANG_WARN_BOOL_CONVERSION = YES;
				CLANG_WARN_COMMA = YES;
				CLANG_WARN_CONSTANT_CONVERSION = YES;
				CLANG_WARN_DEPRECATED_OBJC_IMPLEMENTATIONS = YES;
				CLANG_WARN_DIRECT_OBJC_ISA_USAGE = YES_ERROR;
				CLANG_WARN_DOCUMENTATION_COMMENTS = YES;
				CLANG_WARN_EMPTY_BODY = YES;
				CLANG_WARN_ENUM_CONVERSION = YES;
				CLANG_WARN_INFINITE_RECURSION = YES;
				CLANG_WARN_INT_CONVERSION = YES;
				CLANG_WARN_NON_LITERAL_NULL_CONVERSION = YES;
				CLANG_WARN_OBJC_IMPLICIT_RETAIN_SELF = YES;
				CLANG_WARN_OBJC_LITERAL_CONVERSION = YES;
				CLANG_WARN_OBJC_ROOT_CLASS = YES_ERROR;
				CLANG_WARN_QUOTED_INCLUDE_IN_FRAMEWORK_HEADER = YES;
				CLANG_WARN_RANGE_LOOP_ANALYSIS = YES;
				CLANG_WARN_STRICT_PROTOTYPES = YES;
				CLANG_WARN_SUSPICIOUS_MOVE = YES;
				CLANG_WARN_UNGUARDED_AVAILABILITY = YES_AGGRESSIVE;
				CLANG_WARN_UNREACHABLE_CODE = YES;
				CLANG_WARN__DUPLICATE_METHOD_MATCH = YES;
				COPY_PHASE_STRIP = NO;
				DEBUG_INFORMATION_FORMAT = "dwarf-with-dsym";
				ENABLE_NS_ASSERTIONS = NO;
				ENABLE_STRICT_OBJC_MSGSEND = YES;
				GCC_C_LANGUAGE_STANDARD = gnu11;
				GCC_NO_COMMON_BLOCKS = YES;
				GCC_WARN_64_TO_32_BIT_CONVERSION = YES;
				GCC_WARN_ABOUT_RETURN_TYPE = YES_ERROR;
				GCC_WARN_UNDECLARED_SELECTOR = YES;
				GCC_WARN_UNINITIALIZED_AUTOS = YES_AGGRESSIVE;
				GCC_WARN_UNUSED_FUNCTION = YES;
				GCC_WARN_UNUSED_VARIABLE = YES;
				MACOSX_DEPLOYMENT_TARGET = 10.14;
				MTL_ENABLE_DEBUG_INFO = NO;
				MTL_FAST_MATH = YES;
				SDKROOT = macosx;
				SWIFT_COMPILATION_MODE = wholemodule;
				SWIFT_OPTIMIZATION_LEVEL = "-O";
			};
			name = Release;
		};
		6257130E2371982E00466679 /* Debug */ = {
			isa = XCBuildConfiguration;
			buildSettings = {
				CODE_SIGN_ENTITLEMENTS = "CurrencyConverter Extension/CurrencyConverter_Extension.entitlements";
				CODE_SIGN_IDENTITY = "Apple Development";
				CODE_SIGN_STYLE = Automatic;
				CURRENT_PROJECT_VERSION = 1;
				DEVELOPMENT_TEAM = 8AA96R6MF3;
				ENABLE_HARDENED_RUNTIME = YES;
				INFOPLIST_FILE = "CurrencyConverter Extension/Info.plist";
				LD_RUNPATH_SEARCH_PATHS = (
					"$(inherited)",
					"@executable_path/../Frameworks",
					"@executable_path/../../../../Frameworks",
				);
				MACOSX_DEPLOYMENT_TARGET = 10.15;
				MARKETING_VERSION = 1.6;
				PRODUCT_BUNDLE_IDENTIFIER = "com.rayer.CurrencyConverter-Extension";
				PRODUCT_NAME = "$(TARGET_NAME)";
				SKIP_INSTALL = YES;
				SWIFT_VERSION = 5.0;
			};
			name = Debug;
		};
		6257130F2371982E00466679 /* Release */ = {
			isa = XCBuildConfiguration;
			buildSettings = {
				CODE_SIGN_ENTITLEMENTS = "CurrencyConverter Extension/CurrencyConverter_Extension.entitlements";
				CODE_SIGN_IDENTITY = "Apple Development";
				CODE_SIGN_STYLE = Automatic;
				CURRENT_PROJECT_VERSION = 1;
				DEVELOPMENT_TEAM = 8AA96R6MF3;
				ENABLE_HARDENED_RUNTIME = YES;
				INFOPLIST_FILE = "CurrencyConverter Extension/Info.plist";
				LD_RUNPATH_SEARCH_PATHS = (
					"$(inherited)",
					"@executable_path/../Frameworks",
					"@executable_path/../../../../Frameworks",
				);
				MACOSX_DEPLOYMENT_TARGET = 10.15;
				MARKETING_VERSION = 1.6;
				PRODUCT_BUNDLE_IDENTIFIER = "com.rayer.CurrencyConverter-Extension";
				PRODUCT_NAME = "$(TARGET_NAME)";
				SKIP_INSTALL = YES;
				SWIFT_VERSION = 5.0;
			};
			name = Release;
		};
		625713152371982E00466679 /* Debug */ = {
			isa = XCBuildConfiguration;
			buildSettings = {
				ALWAYS_EMBED_SWIFT_STANDARD_LIBRARIES = YES;
				BUNDLE_LOADER = "$(TEST_HOST)";
				CODE_SIGN_STYLE = Automatic;
				COMBINE_HIDPI_IMAGES = YES;
				DEVELOPMENT_TEAM = 8AA96R6MF3;
				INFOPLIST_FILE = CurrencyConverterTests/Info.plist;
				LD_RUNPATH_SEARCH_PATHS = (
					"$(inherited)",
					"@executable_path/../Frameworks",
					"@loader_path/../Frameworks",
				);
				MACOSX_DEPLOYMENT_TARGET = 10.15;
				PRODUCT_BUNDLE_IDENTIFIER = com.rayer.CurrencyConverterTests;
				PRODUCT_NAME = "$(TARGET_NAME)";
				SWIFT_VERSION = 5.0;
				TEST_HOST = "$(BUILT_PRODUCTS_DIR)/CurrencyConverter.app/Contents/MacOS/CurrencyConverter";
			};
			name = Debug;
		};
		625713162371982E00466679 /* Release */ = {
			isa = XCBuildConfiguration;
			buildSettings = {
				ALWAYS_EMBED_SWIFT_STANDARD_LIBRARIES = YES;
				BUNDLE_LOADER = "$(TEST_HOST)";
				CODE_SIGN_STYLE = Automatic;
				COMBINE_HIDPI_IMAGES = YES;
				DEVELOPMENT_TEAM = 8AA96R6MF3;
				INFOPLIST_FILE = CurrencyConverterTests/Info.plist;
				LD_RUNPATH_SEARCH_PATHS = (
					"$(inherited)",
					"@executable_path/../Frameworks",
					"@loader_path/../Frameworks",
				);
				MACOSX_DEPLOYMENT_TARGET = 10.15;
				PRODUCT_BUNDLE_IDENTIFIER = com.rayer.CurrencyConverterTests;
				PRODUCT_NAME = "$(TARGET_NAME)";
				SWIFT_VERSION = 5.0;
				TEST_HOST = "$(BUILT_PRODUCTS_DIR)/CurrencyConverter.app/Contents/MacOS/CurrencyConverter";
			};
			name = Release;
		};
		628503AC251B937100E381AA /* Debug */ = {
			isa = XCBuildConfiguration;
			buildSettings = {
				ASSETCATALOG_COMPILER_APPICON_NAME = AppIcon;
				ASSETCATALOG_COMPILER_GLOBAL_ACCENT_COLOR_NAME = AccentColor;
				CLANG_WARN_QUOTED_INCLUDE_IN_FRAMEWORK_HEADER = YES;
				CODE_SIGN_ENTITLEMENTS = CurrencyConverter/CurrencyConverter.entitlements;
				CODE_SIGN_IDENTITY = "Apple Development";
				CODE_SIGN_STYLE = Automatic;
				COMBINE_HIDPI_IMAGES = YES;
				CURRENT_PROJECT_VERSION = 1;
				DEVELOPMENT_ASSET_PATHS = "\"CurrencyConverter/Preview Content\"";
				DEVELOPMENT_TEAM = 8AA96R6MF3;
				ENABLE_HARDENED_RUNTIME = YES;
				ENABLE_PREVIEWS = YES;
				INFOPLIST_FILE = CurrencyConverter/Info.plist;
				LD_RUNPATH_SEARCH_PATHS = (
					"$(inherited)",
					"@executable_path/../Frameworks",
				);
				MACOSX_DEPLOYMENT_TARGET = 10.15;
				MARKETING_VERSION = 1.6;
				PRODUCT_BUNDLE_IDENTIFIER = com.rayer.CurrencyConverter;
				PRODUCT_NAME = "$(TARGET_NAME)";
				SWIFT_VERSION = 5.0;
			};
			name = Debug;
		};
		628503AD251B937100E381AA /* Release */ = {
			isa = XCBuildConfiguration;
			buildSettings = {
				ASSETCATALOG_COMPILER_APPICON_NAME = AppIcon;
				ASSETCATALOG_COMPILER_GLOBAL_ACCENT_COLOR_NAME = AccentColor;
				CLANG_WARN_QUOTED_INCLUDE_IN_FRAMEWORK_HEADER = YES;
				CODE_SIGN_ENTITLEMENTS = CurrencyConverter/CurrencyConverter.entitlements;
				CODE_SIGN_IDENTITY = "Apple Development";
				CODE_SIGN_STYLE = Automatic;
				COMBINE_HIDPI_IMAGES = YES;
				CURRENT_PROJECT_VERSION = 1;
				DEVELOPMENT_ASSET_PATHS = "\"CurrencyConverter/Preview Content\"";
				DEVELOPMENT_TEAM = 8AA96R6MF3;
				ENABLE_HARDENED_RUNTIME = YES;
				ENABLE_PREVIEWS = YES;
				INFOPLIST_FILE = CurrencyConverter/Info.plist;
				LD_RUNPATH_SEARCH_PATHS = (
					"$(inherited)",
					"@executable_path/../Frameworks",
				);
				MACOSX_DEPLOYMENT_TARGET = 10.15;
				MARKETING_VERSION = 1.6;
				PRODUCT_BUNDLE_IDENTIFIER = com.rayer.CurrencyConverter;
				PRODUCT_NAME = "$(TARGET_NAME)";
				SWIFT_VERSION = 5.0;
			};
			name = Release;
		};
/* End XCBuildConfiguration section */

/* Begin XCConfigurationList section */
		625712C82371982500466679 /* Build configuration list for PBXProject "CurrencyConverter" */ = {
			isa = XCConfigurationList;
			buildConfigurations = (
				6257130B2371982E00466679 /* Debug */,
				6257130C2371982E00466679 /* Release */,
			);
			defaultConfigurationIsVisible = 0;
			defaultConfigurationName = Release;
		};
		6257130D2371982E00466679 /* Build configuration list for PBXNativeTarget "CurrencyConverter Extension" */ = {
			isa = XCConfigurationList;
			buildConfigurations = (
				6257130E2371982E00466679 /* Debug */,
				6257130F2371982E00466679 /* Release */,
			);
			defaultConfigurationIsVisible = 0;
			defaultConfigurationName = Release;
		};
		625713142371982E00466679 /* Build configuration list for PBXNativeTarget "CurrencyConverterTests" */ = {
			isa = XCConfigurationList;
			buildConfigurations = (
				625713152371982E00466679 /* Debug */,
				625713162371982E00466679 /* Release */,
			);
			defaultConfigurationIsVisible = 0;
			defaultConfigurationName = Release;
		};
		628503AB251B937100E381AA /* Build configuration list for PBXNativeTarget "CurrencyConverter" */ = {
			isa = XCConfigurationList;
			buildConfigurations = (
				628503AC251B937100E381AA /* Debug */,
				628503AD251B937100E381AA /* Release */,
			);
			defaultConfigurationIsVisible = 0;
			defaultConfigurationName = Release;
		};
/* End XCConfigurationList section */

/* Begin XCVersionGroup section */
		6257132023719BDC00466679 /* CurrencyExchangeRate.xcdatamodeld */ = {
			isa = XCVersionGroup;
			children = (
				6257132123719BDC00466679 /* CurrencyExchangeRate.xcdatamodel */,
			);
			currentVersion = 6257132123719BDC00466679 /* CurrencyExchangeRate.xcdatamodel */;
			path = CurrencyExchangeRate.xcdatamodeld;
			sourceTree = "<group>";
			versionGroupType = wrapper.xcdatamodel;
		};
		6285039E251B936F00E381AA /* CurrencyConverter.xcdatamodeld */ = {
			isa = XCVersionGroup;
			children = (
				6285039F251B936F00E381AA /* CurrencyConverter.xcdatamodel */,
			);
			currentVersion = 6285039F251B936F00E381AA /* CurrencyConverter.xcdatamodel */;
			path = CurrencyConverter.xcdatamodeld;
			sourceTree = "<group>";
			versionGroupType = wrapper.xcdatamodel;
		};
/* End XCVersionGroup section */
	};
	rootObject = 625712C52371982500466679 /* Project object */;
}
